// !$*UTF8*$!
{
	archiveVersion = 1;
	classes = {
	};
	objectVersion = 56;
	objects = {

/* Begin PBXBuildFile section */
		A036751B2B23A14300B3DFDF /* Discord_CloneApp.swift in Sources */ = {isa = PBXBuildFile; fileRef = A036751A2B23A14300B3DFDF /* Discord_CloneApp.swift */; };
		A036751D2B23A14300B3DFDF /* ContentView.swift in Sources */ = {isa = PBXBuildFile; fileRef = A036751C2B23A14300B3DFDF /* ContentView.swift */; };
		A036751F2B23A14500B3DFDF /* Assets.xcassets in Resources */ = {isa = PBXBuildFile; fileRef = A036751E2B23A14500B3DFDF /* Assets.xcassets */; };
		A03675222B23A14500B3DFDF /* Preview Assets.xcassets in Resources */ = {isa = PBXBuildFile; fileRef = A03675212B23A14500B3DFDF /* Preview Assets.xcassets */; };
		A036752A2B23A1FF00B3DFDF /* MessagesView.swift in Sources */ = {isa = PBXBuildFile; fileRef = A03675292B23A1FF00B3DFDF /* MessagesView.swift */; };
		A036752C2B23A66D00B3DFDF /* MessagesFriendsBox.swift in Sources */ = {isa = PBXBuildFile; fileRef = A036752B2B23A66D00B3DFDF /* MessagesFriendsBox.swift */; };
		A036752E2B23ACDD00B3DFDF /* RectangleMessagesView.swift in Sources */ = {isa = PBXBuildFile; fileRef = A036752D2B23ACDD00B3DFDF /* RectangleMessagesView.swift */; };
		A03675332B23B7C300B3DFDF /* DiscordTabView.swift in Sources */ = {isa = PBXBuildFile; fileRef = A03675322B23B7C200B3DFDF /* DiscordTabView.swift */; };
		A03675352B23C82700B3DFDF /* UserProfileView.swift in Sources */ = {isa = PBXBuildFile; fileRef = A03675342B23C82700B3DFDF /* UserProfileView.swift */; };
		A09782A32B2493BD0035CC75 /* ServerChatView.swift in Sources */ = {isa = PBXBuildFile; fileRef = A09782A22B2493BD0035CC75 /* ServerChatView.swift */; };
		A09782A52B2494460035CC75 /* ServersView.swift in Sources */ = {isa = PBXBuildFile; fileRef = A09782A42B2494460035CC75 /* ServersView.swift */; };
		A09782A72B24F6F50035CC75 /* MenuView.swift in Sources */ = {isa = PBXBuildFile; fileRef = A09782A62B24F6F50035CC75 /* MenuView.swift */; };
/* End PBXBuildFile section */

/* Begin PBXFileReference section */
		A03675172B23A14300B3DFDF /* Discord-Clone.app */ = {isa = PBXFileReference; explicitFileType = wrapper.application; includeInIndex = 0; path = "Discord-Clone.app"; sourceTree = BUILT_PRODUCTS_DIR; };
		A036751A2B23A14300B3DFDF /* Discord_CloneApp.swift */ = {isa = PBXFileReference; lastKnownFileType = sourcecode.swift; path = Discord_CloneApp.swift; sourceTree = "<group>"; };
		A036751C2B23A14300B3DFDF /* ContentView.swift */ = {isa = PBXFileReference; lastKnownFileType = sourcecode.swift; path = ContentView.swift; sourceTree = "<group>"; };
		A036751E2B23A14500B3DFDF /* Assets.xcassets */ = {isa = PBXFileReference; lastKnownFileType = folder.assetcatalog; path = Assets.xcassets; sourceTree = "<group>"; };
		A03675212B23A14500B3DFDF /* Preview Assets.xcassets */ = {isa = PBXFileReference; lastKnownFileType = folder.assetcatalog; path = "Preview Assets.xcassets"; sourceTree = "<group>"; };
		A03675292B23A1FF00B3DFDF /* MessagesView.swift */ = {isa = PBXFileReference; lastKnownFileType = sourcecode.swift; path = MessagesView.swift; sourceTree = "<group>"; };
		A036752B2B23A66D00B3DFDF /* MessagesFriendsBox.swift */ = {isa = PBXFileReference; lastKnownFileType = sourcecode.swift; path = MessagesFriendsBox.swift; sourceTree = "<group>"; };
		A036752D2B23ACDD00B3DFDF /* RectangleMessagesView.swift */ = {isa = PBXFileReference; lastKnownFileType = sourcecode.swift; path = RectangleMessagesView.swift; sourceTree = "<group>"; };
		A03675322B23B7C200B3DFDF /* DiscordTabView.swift */ = {isa = PBXFileReference; lastKnownFileType = sourcecode.swift; path = DiscordTabView.swift; sourceTree = "<group>"; };
		A03675342B23C82700B3DFDF /* UserProfileView.swift */ = {isa = PBXFileReference; lastKnownFileType = sourcecode.swift; path = UserProfileView.swift; sourceTree = "<group>"; };
		A09782A22B2493BD0035CC75 /* ServerChatView.swift */ = {isa = PBXFileReference; lastKnownFileType = sourcecode.swift; path = ServerChatView.swift; sourceTree = "<group>"; };
		A09782A42B2494460035CC75 /* ServersView.swift */ = {isa = PBXFileReference; lastKnownFileType = sourcecode.swift; path = ServersView.swift; sourceTree = "<group>"; };
		A09782A62B24F6F50035CC75 /* MenuView.swift */ = {isa = PBXFileReference; lastKnownFileType = sourcecode.swift; path = MenuView.swift; sourceTree = "<group>"; };
/* End PBXFileReference section */

/* Begin PBXFrameworksBuildPhase section */
		A03675142B23A14300B3DFDF /* Frameworks */ = {
			isa = PBXFrameworksBuildPhase;
			buildActionMask = 2147483647;
			files = (
			);
			runOnlyForDeploymentPostprocessing = 0;
		};
/* End PBXFrameworksBuildPhase section */

/* Begin PBXGroup section */
		A036750E2B23A14300B3DFDF = {
			isa = PBXGroup;
			children = (
				A03675192B23A14300B3DFDF /* Discord-Clone */,
				A03675182B23A14300B3DFDF /* Products */,
			);
			sourceTree = "<group>";
		};
		A03675182B23A14300B3DFDF /* Products */ = {
			isa = PBXGroup;
			children = (
				A03675172B23A14300B3DFDF /* Discord-Clone.app */,
			);
			name = Products;
			sourceTree = "<group>";
		};
		A03675192B23A14300B3DFDF /* Discord-Clone */ = {
			isa = PBXGroup;
			children = (
				A03675282B23A15700B3DFDF /* App */,
				A03675312B23B79C00B3DFDF /* MessagesSection */,
				A09782A82B24F6F90035CC75 /* Server */,
				A0DBA60D2B248C600092E1DD /* TabView */,
				A0DBA60C2B248C4B0092E1DD /* UserSection */,
				A036751C2B23A14300B3DFDF /* ContentView.swift */,
				A036751E2B23A14500B3DFDF /* Assets.xcassets */,
				A03675202B23A14500B3DFDF /* Preview Content */,
			);
			path = "Discord-Clone";
			sourceTree = "<group>";
		};
		A03675202B23A14500B3DFDF /* Preview Content */ = {
			isa = PBXGroup;
			children = (
				A03675212B23A14500B3DFDF /* Preview Assets.xcassets */,
			);
			path = "Preview Content";
			sourceTree = "<group>";
		};
		A03675282B23A15700B3DFDF /* App */ = {
			isa = PBXGroup;
			children = (
				A036751A2B23A14300B3DFDF /* Discord_CloneApp.swift */,
			);
			path = App;
			sourceTree = "<group>";
		};
		A03675312B23B79C00B3DFDF /* MessagesSection */ = {
			isa = PBXGroup;
			children = (
				A036752B2B23A66D00B3DFDF /* MessagesFriendsBox.swift */,
				A036752D2B23ACDD00B3DFDF /* RectangleMessagesView.swift */,
				A03675292B23A1FF00B3DFDF /* MessagesView.swift */,
			);
			path = MessagesSection;
			sourceTree = "<group>";
		};
		A09782A82B24F6F90035CC75 /* Server */ = {
			isa = PBXGroup;
			children = (
				A09782A22B2493BD0035CC75 /* ServerChatView.swift */,
				A09782A42B2494460035CC75 /* ServersView.swift */,
				A09782A62B24F6F50035CC75 /* MenuView.swift */,
			);
			path = Server;
			sourceTree = "<group>";
		};
		A0DBA60C2B248C4B0092E1DD /* UserSection */ = {
			isa = PBXGroup;
			children = (
				A03675342B23C82700B3DFDF /* UserProfileView.swift */,
			);
			path = UserSection;
			sourceTree = "<group>";
		};
		A0DBA60D2B248C600092E1DD /* TabView */ = {
			isa = PBXGroup;
			children = (
				A03675322B23B7C200B3DFDF /* DiscordTabView.swift */,
			);
			path = TabView;
			sourceTree = "<group>";
		};
/* End PBXGroup section */

/* Begin PBXNativeTarget section */
		A03675162B23A14300B3DFDF /* Discord-Clone */ = {
			isa = PBXNativeTarget;
			buildConfigurationList = A03675252B23A14500B3DFDF /* Build configuration list for PBXNativeTarget "Discord-Clone" */;
			buildPhases = (
				A03675132B23A14300B3DFDF /* Sources */,
				A03675142B23A14300B3DFDF /* Frameworks */,
				A03675152B23A14300B3DFDF /* Resources */,
			);
			buildRules = (
			);
			dependencies = (
			);
			name = "Discord-Clone";
			productName = "Discord-Clone";
			productReference = A03675172B23A14300B3DFDF /* Discord-Clone.app */;
			productType = "com.apple.product-type.application";
		};
/* End PBXNativeTarget section */

/* Begin PBXProject section */
		A036750F2B23A14300B3DFDF /* Project object */ = {
			isa = PBXProject;
			attributes = {
				BuildIndependentTargetsInParallel = 1;
				LastSwiftUpdateCheck = 1500;
				LastUpgradeCheck = 1500;
				TargetAttributes = {
					A03675162B23A14300B3DFDF = {
						CreatedOnToolsVersion = 15.0.1;
					};
				};
			};
			buildConfigurationList = A03675122B23A14300B3DFDF /* Build configuration list for PBXProject "Discord-Clone" */;
			compatibilityVersion = "Xcode 14.0";
			developmentRegion = en;
			hasScannedForEncodings = 0;
			knownRegions = (
				en,
				Base,
			);
			mainGroup = A036750E2B23A14300B3DFDF;
			productRefGroup = A03675182B23A14300B3DFDF /* Products */;
			projectDirPath = "";
			projectRoot = "";
			targets = (
				A03675162B23A14300B3DFDF /* Discord-Clone */,
			);
		};
/* End PBXProject section */

/* Begin PBXResourcesBuildPhase section */
		A03675152B23A14300B3DFDF /* Resources */ = {
			isa = PBXResourcesBuildPhase;
			buildActionMask = 2147483647;
			files = (
				A03675222B23A14500B3DFDF /* Preview Assets.xcassets in Resources */,
				A036751F2B23A14500B3DFDF /* Assets.xcassets in Resources */,
			);
			runOnlyForDeploymentPostprocessing = 0;
		};
/* End PBXResourcesBuildPhase section */

/* Begin PBXSourcesBuildPhase section */
		A03675132B23A14300B3DFDF /* Sources */ = {
			isa = PBXSourcesBuildPhase;
			buildActionMask = 2147483647;
			files = (
				A09782A52B2494460035CC75 /* ServersView.swift in Sources */,
				A03675352B23C82700B3DFDF /* UserProfileView.swift in Sources */,
				A036751D2B23A14300B3DFDF /* ContentView.swift in Sources */,
				A036751B2B23A14300B3DFDF /* Discord_CloneApp.swift in Sources */,
				A036752A2B23A1FF00B3DFDF /* MessagesView.swift in Sources */,
				A09782A72B24F6F50035CC75 /* MenuView.swift in Sources */,
				A036752C2B23A66D00B3DFDF /* MessagesFriendsBox.swift in Sources */,
				A09782A32B2493BD0035CC75 /* ServerChatView.swift in Sources */,
				A03675332B23B7C300B3DFDF /* DiscordTabView.swift in Sources */,
				A036752E2B23ACDD00B3DFDF /* RectangleMessagesView.swift in Sources */,
			);
			runOnlyForDeploymentPostprocessing = 0;
		};
/* End PBXSourcesBuildPhase section */

/* Begin XCBuildConfiguration section */
		A03675232B23A14500B3DFDF /* Debug */ = {
			isa = XCBuildConfiguration;
			buildSettings = {
				ALWAYS_SEARCH_USER_PATHS = NO;
				ASSETCATALOG_COMPILER_GENERATE_SWIFT_ASSET_SYMBOL_EXTENSIONS = YES;
				CLANG_ANALYZER_NONNULL = YES;
				CLANG_ANALYZER_NUMBER_OBJECT_CONVERSION = YES_AGGRESSIVE;
				CLANG_CXX_LANGUAGE_STANDARD = "gnu++20";
				CLANG_ENABLE_MODULES = YES;
				CLANG_ENABLE_OBJC_ARC = YES;
				CLANG_ENABLE_OBJC_WEAK = YES;
				CLANG_WARN_BLOCK_CAPTURE_AUTORELEASING = YES;
				CLANG_WARN_BOOL_CONVERSION = YES;
				CLANG_WARN_COMMA = YES;
				CLANG_WARN_CONSTANT_CONVERSION = YES;
				CLANG_WARN_DEPRECATED_OBJC_IMPLEMENTATIONS = YES;
				CLANG_WARN_DIRECT_OBJC_ISA_USAGE = YES_ERROR;
				CLANG_WARN_DOCUMENTATION_COMMENTS = YES;
				CLANG_WARN_EMPTY_BODY = YES;
				CLANG_WARN_ENUM_CONVERSION = YES;
				CLANG_WARN_INFINITE_RECURSION = YES;
				CLANG_WARN_INT_CONVERSION = YES;
				CLANG_WARN_NON_LITERAL_NULL_CONVERSION = YES;
				CLANG_WARN_OBJC_IMPLICIT_RETAIN_SELF = YES;
				CLANG_WARN_OBJC_LITERAL_CONVERSION = YES;
				CLANG_WARN_OBJC_ROOT_CLASS = YES_ERROR;
				CLANG_WARN_QUOTED_INCLUDE_IN_FRAMEWORK_HEADER = YES;
				CLANG_WARN_RANGE_LOOP_ANALYSIS = YES;
				CLANG_WARN_STRICT_PROTOTYPES = YES;
				CLANG_WARN_SUSPICIOUS_MOVE = YES;
				CLANG_WARN_UNGUARDED_AVAILABILITY = YES_AGGRESSIVE;
				CLANG_WARN_UNREACHABLE_CODE = YES;
				CLANG_WARN__DUPLICATE_METHOD_MATCH = YES;
				COPY_PHASE_STRIP = NO;
				DEBUG_INFORMATION_FORMAT = dwarf;
				ENABLE_STRICT_OBJC_MSGSEND = YES;
				ENABLE_TESTABILITY = YES;
				ENABLE_USER_SCRIPT_SANDBOXING = YES;
				GCC_C_LANGUAGE_STANDARD = gnu17;
				GCC_DYNAMIC_NO_PIC = NO;
				GCC_NO_COMMON_BLOCKS = YES;
				GCC_OPTIMIZATION_LEVEL = 0;
				GCC_PREPROCESSOR_DEFINITIONS = (
					"DEBUG=1",
					"$(inherited)",
				);
				GCC_WARN_64_TO_32_BIT_CONVERSION = YES;
				GCC_WARN_ABOUT_RETURN_TYPE = YES_ERROR;
				GCC_WARN_UNDECLARED_SELECTOR = YES;
				GCC_WARN_UNINITIALIZED_AUTOS = YES_AGGRESSIVE;
				GCC_WARN_UNUSED_FUNCTION = YES;
				GCC_WARN_UNUSED_VARIABLE = YES;
				IPHONEOS_DEPLOYMENT_TARGET = 17.0;
				LOCALIZATION_PREFERS_STRING_CATALOGS = YES;
				MTL_ENABLE_DEBUG_INFO = INCLUDE_SOURCE;
				MTL_FAST_MATH = YES;
				ONLY_ACTIVE_ARCH = YES;
				SDKROOT = iphoneos;
				SWIFT_ACTIVE_COMPILATION_CONDITIONS = "DEBUG $(inherited)";
				SWIFT_OPTIMIZATION_LEVEL = "-Onone";
			};
			name = Debug;
		};
		A03675242B23A14500B3DFDF /* Release */ = {
			isa = XCBuildConfiguration;
			buildSettings = {
				ALWAYS_SEARCH_USER_PATHS = NO;
				ASSETCATALOG_COMPILER_GENERATE_SWIFT_ASSET_SYMBOL_EXTENSIONS = YES;
				CLANG_ANALYZER_NONNULL = YES;
				CLANG_ANALYZER_NUMBER_OBJECT_CONVERSION = YES_AGGRESSIVE;
				CLANG_CXX_LANGUAGE_STANDARD = "gnu++20";
				CLANG_ENABLE_MODULES = YES;
				CLANG_ENABLE_OBJC_ARC = YES;
				CLANG_ENABLE_OBJC_WEAK = YES;
				CLANG_WARN_BLOCK_CAPTURE_AUTORELEASING = YES;
				CLANG_WARN_BOOL_CONVERSION = YES;
				CLANG_WARN_COMMA = YES;
				CLANG_WARN_CONSTANT_CONVERSION = YES;
				CLANG_WARN_DEPRECATED_OBJC_IMPLEMENTATIONS = YES;
				CLANG_WARN_DIRECT_OBJC_ISA_USAGE = YES_ERROR;
				CLANG_WARN_DOCUMENTATION_COMMENTS = YES;
				CLANG_WARN_EMPTY_BODY = YES;
				CLANG_WARN_ENUM_CONVERSION = YES;
				CLANG_WARN_INFINITE_RECURSION = YES;
				CLANG_WARN_INT_CONVERSION = YES;
				CLANG_WARN_NON_LITERAL_NULL_CONVERSION = YES;
				CLANG_WARN_OBJC_IMPLICIT_RETAIN_SELF = YES;
				CLANG_WARN_OBJC_LITERAL_CONVERSION = YES;
				CLANG_WARN_OBJC_ROOT_CLASS = YES_ERROR;
				CLANG_WARN_QUOTED_INCLUDE_IN_FRAMEWORK_HEADER = YES;
				CLANG_WARN_RANGE_LOOP_ANALYSIS = YES;
				CLANG_WARN_STRICT_PROTOTYPES = YES;
				CLANG_WARN_SUSPICIOUS_MOVE = YES;
				CLANG_WARN_UNGUARDED_AVAILABILITY = YES_AGGRESSIVE;
				CLANG_WARN_UNREACHABLE_CODE = YES;
				CLANG_WARN__DUPLICATE_METHOD_MATCH = YES;
				COPY_PHASE_STRIP = NO;
				DEBUG_INFORMATION_FORMAT = "dwarf-with-dsym";
				ENABLE_NS_ASSERTIONS = NO;
				ENABLE_STRICT_OBJC_MSGSEND = YES;
				ENABLE_USER_SCRIPT_SANDBOXING = YES;
				GCC_C_LANGUAGE_STANDARD = gnu17;
				GCC_NO_COMMON_BLOCKS = YES;
				GCC_WARN_64_TO_32_BIT_CONVERSION = YES;
				GCC_WARN_ABOUT_RETURN_TYPE = YES_ERROR;
				GCC_WARN_UNDECLARED_SELECTOR = YES;
				GCC_WARN_UNINITIALIZED_AUTOS = YES_AGGRESSIVE;
				GCC_WARN_UNUSED_FUNCTION = YES;
				GCC_WARN_UNUSED_VARIABLE = YES;
				IPHONEOS_DEPLOYMENT_TARGET = 17.0;
				LOCALIZATION_PREFERS_STRING_CATALOGS = YES;
				MTL_ENABLE_DEBUG_INFO = NO;
				MTL_FAST_MATH = YES;
				SDKROOT = iphoneos;
				SWIFT_COMPILATION_MODE = wholemodule;
				VALIDATE_PRODUCT = YES;
			};
			name = Release;
		};
		A03675262B23A14500B3DFDF /* Debug */ = {
			isa = XCBuildConfiguration;
			buildSettings = {
				ASSETCATALOG_COMPILER_APPICON_NAME = AppIcon;
				ASSETCATALOG_COMPILER_GLOBAL_ACCENT_COLOR_NAME = AccentColor;
				CODE_SIGN_STYLE = Automatic;
				CURRENT_PROJECT_VERSION = 1;
				DEVELOPMENT_ASSET_PATHS = "\"Discord-Clone/Preview Content\"";
				DEVELOPMENT_TEAM = V67TX5W95C;
				ENABLE_PREVIEWS = YES;
				GENERATE_INFOPLIST_FILE = YES;
				INFOPLIST_KEY_UIApplicationSceneManifest_Generation = YES;
				INFOPLIST_KEY_UIApplicationSupportsIndirectInputEvents = YES;
				INFOPLIST_KEY_UILaunchScreen_Generation = YES;
				INFOPLIST_KEY_UISupportedInterfaceOrientations_iPad = "UIInterfaceOrientationPortrait UIInterfaceOrientationPortraitUpsideDown UIInterfaceOrientationLandscapeLeft UIInterfaceOrientationLandscapeRight";
				INFOPLIST_KEY_UISupportedInterfaceOrientations_iPhone = "UIInterfaceOrientationPortrait UIInterfaceOrientationLandscapeLeft UIInterfaceOrientationLandscapeRight";
				LD_RUNPATH_SEARCH_PATHS = (
					"$(inherited)",
					"@executable_path/Frameworks",
				);
				MARKETING_VERSION = 1.0;
				PRODUCT_BUNDLE_IDENTIFIER = "piwien.Discord-Clone";
				PRODUCT_NAME = "$(TARGET_NAME)";
				SWIFT_EMIT_LOC_STRINGS = YES;
				SWIFT_VERSION = 5.0;
				TARGETED_DEVICE_FAMILY = "1,2";
			};
			name = Debug;
		};
		A03675272B23A14500B3DFDF /* Release */ = {
			isa = XCBuildConfiguration;
			buildSettings = {
				ASSETCATALOG_COMPILER_APPICON_NAME = AppIcon;
				ASSETCATALOG_COMPILER_GLOBAL_ACCENT_COLOR_NAME = AccentColor;
				CODE_SIGN_STYLE = Automatic;
				CURRENT_PROJECT_VERSION = 1;
				DEVELOPMENT_ASSET_PATHS = "\"Discord-Clone/Preview Content\"";
				DEVELOPMENT_TEAM = V67TX5W95C;
				ENABLE_PREVIEWS = YES;
				GENERATE_INFOPLIST_FILE = YES;
				INFOPLIST_KEY_UIApplicationSceneManifest_Generation = YES;
				INFOPLIST_KEY_UIApplicationSupportsIndirectInputEvents = YES;
				INFOPLIST_KEY_UILaunchScreen_Generation = YES;
				INFOPLIST_KEY_UISupportedInterfaceOrientations_iPad = "UIInterfaceOrientationPortrait UIInterfaceOrientationPortraitUpsideDown UIInterfaceOrientationLandscapeLeft UIInterfaceOrientationLandscapeRight";
				INFOPLIST_KEY_UISupportedInterfaceOrientations_iPhone = "UIInterfaceOrientationPortrait UIInterfaceOrientationLandscapeLeft UIInterfaceOrientationLandscapeRight";
				LD_RUNPATH_SEARCH_PATHS = (
					"$(inherited)",
					"@executable_path/Frameworks",
				);
				MARKETING_VERSION = 1.0;
				PRODUCT_BUNDLE_IDENTIFIER = "piwien.Discord-Clone";
				PRODUCT_NAME = "$(TARGET_NAME)";
				SWIFT_EMIT_LOC_STRINGS = YES;
				SWIFT_VERSION = 5.0;
				TARGETED_DEVICE_FAMILY = "1,2";
			};
			name = Release;
		};
/* End XCBuildConfiguration section */

/* Begin XCConfigurationList section */
		A03675122B23A14300B3DFDF /* Build configuration list for PBXProject "Discord-Clone" */ = {
			isa = XCConfigurationList;
			buildConfigurations = (
				A03675232B23A14500B3DFDF /* Debug */,
				A03675242B23A14500B3DFDF /* Release */,
			);
			defaultConfigurationIsVisible = 0;
			defaultConfigurationName = Release;
		};
		A03675252B23A14500B3DFDF /* Build configuration list for PBXNativeTarget "Discord-Clone" */ = {
			isa = XCConfigurationList;
			buildConfigurations = (
				A03675262B23A14500B3DFDF /* Debug */,
				A03675272B23A14500B3DFDF /* Release */,
			);
			defaultConfigurationIsVisible = 0;
			defaultConfigurationName = Release;
		};
/* End XCConfigurationList section */
	};
	rootObject = A036750F2B23A14300B3DFDF /* Project object */;
}
